
Microsoft Visual Studio Solution File, Format Version 12.00
# Visual Studio Version 17
VisualStudioVersion = 17.12.35527.113 d17.12
MinimumVisualStudioVersion = 10.0.40219.1
Project("{FAE04EC0-301F-11D3-BF4B-00C04F79EFBC}") = "OldPhonePad_Iron_CoChallenge", "OldPhonePad_Iron_CoChallenge\OldPhonePad_Iron_CoChallenge.csproj", "{241395DD-8140-4CB1-93D2-2AF400C1C896}"
EndProject
Project("{FAE04EC0-301F-11D3-BF4B-00C04F79EFBC}") = "OldPhonePad_Iron_CoChallenge.Tests", "OldPhonePad_Iron_CoChallenge.Tests\OldPhonePad_Iron_CoChallenge.Tests.csproj", "{B17614F1-8F2B-4883-81BA-F55ABA48C77F}"
EndProject
Global
	GlobalSection(SolutionConfigurationPlatforms) = preSolution
		Debug|Any CPU = Debug|Any CPU
		Release|Any CPU = Release|Any CPU
	EndGlobalSection
	GlobalSection(ProjectConfigurationPlatforms) = postSolution
		{241395DD-8140-4CB1-93D2-2AF400C1C896}.Debug|Any CPU.ActiveCfg = Debug|Any CPU
		{241395DD-8140-4CB1-93D2-2AF400C1C896}.Debug|Any CPU.Build.0 = Debug|Any CPU
		{241395DD-8140-4CB1-93D2-2AF400C1C896}.Release|Any CPU.ActiveCfg = Release|Any CPU
		{241395DD-8140-4CB1-93D2-2AF400C1C896}.Release|Any CPU.Build.0 = Release|Any CPU
		{B17614F1-8F2B-4883-81BA-F55ABA48C77F}.Debug|Any CPU.ActiveCfg = Debug|Any CPU
		{B17614F1-8F2B-4883-81BA-F55ABA48C77F}.Debug|Any CPU.Build.0 = Debug|Any CPU
		{B17614F1-8F2B-4883-81BA-F55ABA48C77F}.Release|Any CPU.ActiveCfg = Release|Any CPU
		{B17614F1-8F2B-4883-81BA-F55ABA48C77F}.Release|Any CPU.Build.0 = Release|Any CPU
	EndGlobalSection
	GlobalSection(SolutionProperties) = preSolution
		HideSolutionNode = FALSE
	EndGlobalSection
EndGlobal
